
Microsoft Visual Studio Solution File, Format Version 12.00
# Visual Studio Version 16
VisualStudioVersion = 16.0.29728.190
MinimumVisualStudioVersion = 10.0.40219.1
Project("{FAE04EC0-301F-11D3-BF4B-00C04F79EFBC}") = "SearchWords", "SearchWords\SearchWords.csproj", "{165939F8-9A28-4E02-B70E-82CE0D583F6D}"
EndProject
Project("{FAE04EC0-301F-11D3-BF4B-00C04F79EFBC}") = "SearchWords.Tests", "SearchWords.Tests\SearchWords.Tests.csproj", "{F1D2937B-A452-43AA-B598-F557AD7E5DCC}"
EndProject
Project("{2150E333-8FDC-42A3-9474-1A3956D46DE8}") = "Solution Items", "Solution Items", "{77EE42F1-87FB-4F97-BB63-C83E36A96FBE}"
	ProjectSection(SolutionItems) = preProject
		README.md = README.md
	EndProjectSection
EndProject
Global
	GlobalSection(SolutionConfigurationPlatforms) = preSolution
		Debug|Any CPU = Debug|Any CPU
		Release|Any CPU = Release|Any CPU
	EndGlobalSection
	GlobalSection(ProjectConfigurationPlatforms) = postSolution
		{165939F8-9A28-4E02-B70E-82CE0D583F6D}.Debug|Any CPU.ActiveCfg = Debug|Any CPU
		{165939F8-9A28-4E02-B70E-82CE0D583F6D}.Debug|Any CPU.Build.0 = Debug|Any CPU
		{165939F8-9A28-4E02-B70E-82CE0D583F6D}.Release|Any CPU.ActiveCfg = Release|Any CPU
		{165939F8-9A28-4E02-B70E-82CE0D583F6D}.Release|Any CPU.Build.0 = Release|Any CPU
		{F1D2937B-A452-43AA-B598-F557AD7E5DCC}.Debug|Any CPU.ActiveCfg = Debug|Any CPU
		{F1D2937B-A452-43AA-B598-F557AD7E5DCC}.Debug|Any CPU.Build.0 = Debug|Any CPU
		{F1D2937B-A452-43AA-B598-F557AD7E5DCC}.Release|Any CPU.ActiveCfg = Release|Any CPU
		{F1D2937B-A452-43AA-B598-F557AD7E5DCC}.Release|Any CPU.Build.0 = Release|Any CPU
	EndGlobalSection
	GlobalSection(SolutionProperties) = preSolution
		HideSolutionNode = FALSE
	EndGlobalSection
	GlobalSection(ExtensibilityGlobals) = postSolution
		SolutionGuid = {C18B10F0-CCD0-45A0-9C5C-28B3EA54450B}
	EndGlobalSection
EndGlobal
